
Microsoft Visual Studio Solution File, Format Version 12.00
# Visual Studio 14
VisualStudioVersion = 14.0.25420.1
MinimumVisualStudioVersion = 10.0.40219.1
Project("{2150E333-8FDC-42A3-9474-1A3956D46DE8}") = "Library", "Library", "{CF804F35-179A-4A79-9389-4E6F8D24EA50}"
EndProject
Project("{FAE04EC0-301F-11D3-BF4B-00C04F79EFBC}") = "MetroBlog.Web", "MetroBlog.Web\MetroBlog.Web.csproj", "{7936275F-09AB-4FE0-9392-B6CEE6A27A9F}"
EndProject
Project("{FAE04EC0-301F-11D3-BF4B-00C04F79EFBC}") = "MetroBlog.Admin", "MetroBlog.Admin\MetroBlog.Admin.csproj", "{E1F07B9A-3DB1-4F44-A9B3-51F5F453A0E1}"
EndProject
Project("{FAE04EC0-301F-11D3-BF4B-00C04F79EFBC}") = "MetroBlog.Core", "MetroBlog.Core\MetroBlog.Core.csproj", "{BC376CF9-BAFF-44EB-BFFA-B1C4C6CD7526}"
EndProject
Project("{FAE04EC0-301F-11D3-BF4B-00C04F79EFBC}") = "MetroBlog.Template.Razor", "MetroBlog.Template.Razor\MetroBlog.Template.Razor.csproj", "{02CA2312-3FE2-41C5-88E9-D62169430D14}"
EndProject
Project("{2150E333-8FDC-42A3-9474-1A3956D46DE8}") = "Template", "Template", "{7391CD7B-3735-4445-BAA9-2A86D02A63D5}"
EndProject
Project("{FAE04EC0-301F-11D3-BF4B-00C04F79EFBC}") = "MetroBlog.Template", "MetroBlog.Template\MetroBlog.Template.csproj", "{A2BC541D-B329-4A5D-8CBC-6A197E107B88}"
EndProject
Global
	GlobalSection(SubversionScc) = preSolution
		Svn-Managed = True
		Manager = AnkhSVN - Subversion Support for Visual Studio
	EndGlobalSection
	GlobalSection(SolutionConfigurationPlatforms) = preSolution
		Debug|Any CPU = Debug|Any CPU
		Release|Any CPU = Release|Any CPU
	EndGlobalSection
	GlobalSection(ProjectConfigurationPlatforms) = postSolution
		{7936275F-09AB-4FE0-9392-B6CEE6A27A9F}.Debug|Any CPU.ActiveCfg = Debug|Any CPU
		{7936275F-09AB-4FE0-9392-B6CEE6A27A9F}.Debug|Any CPU.Build.0 = Debug|Any CPU
		{7936275F-09AB-4FE0-9392-B6CEE6A27A9F}.Release|Any CPU.ActiveCfg = Release|Any CPU
		{7936275F-09AB-4FE0-9392-B6CEE6A27A9F}.Release|Any CPU.Build.0 = Release|Any CPU
		{E1F07B9A-3DB1-4F44-A9B3-51F5F453A0E1}.Debug|Any CPU.ActiveCfg = Debug|Any CPU
		{E1F07B9A-3DB1-4F44-A9B3-51F5F453A0E1}.Debug|Any CPU.Build.0 = Debug|Any CPU
		{E1F07B9A-3DB1-4F44-A9B3-51F5F453A0E1}.Release|Any CPU.ActiveCfg = Release|Any CPU
		{E1F07B9A-3DB1-4F44-A9B3-51F5F453A0E1}.Release|Any CPU.Build.0 = Release|Any CPU
		{BC376CF9-BAFF-44EB-BFFA-B1C4C6CD7526}.Debug|Any CPU.ActiveCfg = Debug|Any CPU
		{BC376CF9-BAFF-44EB-BFFA-B1C4C6CD7526}.Debug|Any CPU.Build.0 = Debug|Any CPU
		{BC376CF9-BAFF-44EB-BFFA-B1C4C6CD7526}.Release|Any CPU.ActiveCfg = Release|Any CPU
		{BC376CF9-BAFF-44EB-BFFA-B1C4C6CD7526}.Release|Any CPU.Build.0 = Release|Any CPU
		{02CA2312-3FE2-41C5-88E9-D62169430D14}.Debug|Any CPU.ActiveCfg = Debug|Any CPU
		{02CA2312-3FE2-41C5-88E9-D62169430D14}.Debug|Any CPU.Build.0 = Debug|Any CPU
		{02CA2312-3FE2-41C5-88E9-D62169430D14}.Release|Any CPU.ActiveCfg = Release|Any CPU
		{02CA2312-3FE2-41C5-88E9-D62169430D14}.Release|Any CPU.Build.0 = Release|Any CPU
		{A2BC541D-B329-4A5D-8CBC-6A197E107B88}.Debug|Any CPU.ActiveCfg = Debug|Any CPU
		{A2BC541D-B329-4A5D-8CBC-6A197E107B88}.Debug|Any CPU.Build.0 = Debug|Any CPU
		{A2BC541D-B329-4A5D-8CBC-6A197E107B88}.Release|Any CPU.ActiveCfg = Release|Any CPU
		{A2BC541D-B329-4A5D-8CBC-6A197E107B88}.Release|Any CPU.Build.0 = Release|Any CPU
	EndGlobalSection
	GlobalSection(SolutionProperties) = preSolution
		HideSolutionNode = FALSE
	EndGlobalSection
	GlobalSection(NestedProjects) = preSolution
		{02CA2312-3FE2-41C5-88E9-D62169430D14} = {7391CD7B-3735-4445-BAA9-2A86D02A63D5}
		{A2BC541D-B329-4A5D-8CBC-6A197E107B88} = {7391CD7B-3735-4445-BAA9-2A86D02A63D5}
	EndGlobalSection
EndGlobal
